
Microsoft Visual Studio Solution File, Format Version 12.00
# Visual Studio 15
VisualStudioVersion = 15.0.27130.2027
MinimumVisualStudioVersion = 10.0.40219.1
Project("{FAE04EC0-301F-11D3-BF4B-00C04F79EFBC}") = "Test Add-in-SW_2017-JH", "Test Add-in-SW_2017-JH\Test Add-in-SW_2017-JH.csproj", "{7CAE03EB-2726-4646-9C46-23AF782E4586}"
EndProject
Global
	GlobalSection(SolutionConfigurationPlatforms) = preSolution
		Debug|Any CPU = Debug|Any CPU
		Release|Any CPU = Release|Any CPU
	EndGlobalSection
	GlobalSection(ProjectConfigurationPlatforms) = postSolution
		{7CAE03EB-2726-4646-9C46-23AF782E4586}.Debug|Any CPU.ActiveCfg = Debug|Any CPU
		{7CAE03EB-2726-4646-9C46-23AF782E4586}.Debug|Any CPU.Build.0 = Debug|Any CPU
		{7CAE03EB-2726-4646-9C46-23AF782E4586}.Release|Any CPU.ActiveCfg = Release|Any CPU
		{7CAE03EB-2726-4646-9C46-23AF782E4586}.Release|Any CPU.Build.0 = Release|Any CPU
	EndGlobalSection
	GlobalSection(SolutionProperties) = preSolution
		HideSolutionNode = FALSE
	EndGlobalSection
	GlobalSection(ExtensibilityGlobals) = postSolution
		SolutionGuid = {F82B73A8-1850-406C-9370-094759BB27AC}
	EndGlobalSection
EndGlobal
